
Microsoft Visual Studio Solution File, Format Version 12.00
# Visual Studio Version 17
VisualStudioVersion = 17.11.35327.3
MinimumVisualStudioVersion = 10.0.40219.1
Project("{FAE04EC0-301F-11D3-BF4B-00C04F79EFBC}") = "Maisons", "Maisons\Maisons.csproj", "{A2070E99-40CA-414D-93B3-E4D5D5749717}"
EndProject
Global
	GlobalSection(SolutionConfigurationPlatforms) = preSolution
		Debug|Any CPU = Debug|Any CPU
		Release|Any CPU = Release|Any CPU
	EndGlobalSection
	GlobalSection(ProjectConfigurationPlatforms) = postSolution
		{A2070E99-40CA-414D-93B3-E4D5D5749717}.Debug|Any CPU.ActiveCfg = Debug|Any CPU
		{A2070E99-40CA-414D-93B3-E4D5D5749717}.Debug|Any CPU.Build.0 = Debug|Any CPU
		{A2070E99-40CA-414D-93B3-E4D5D5749717}.Release|Any CPU.ActiveCfg = Release|Any CPU
		{A2070E99-40CA-414D-93B3-E4D5D5749717}.Release|Any CPU.Build.0 = Release|Any CPU
	EndGlobalSection
	GlobalSection(SolutionProperties) = preSolution
		HideSolutionNode = FALSE
	EndGlobalSection
	GlobalSection(ExtensibilityGlobals) = postSolution
		SolutionGuid = {DA047679-0E6C-4416-87D0-B6661476582C}
	EndGlobalSection
EndGlobal
